
Microsoft Visual Studio Solution File, Format Version 12.00
# Visual Studio 14
VisualStudioVersion = 14.0.23107.0
MinimumVisualStudioVersion = 10.0.40219.1
Project("{FAE04EC0-301F-11D3-BF4B-00C04F79EFBC}") = "SharpPlayground", "SharpPlayground\SharpPlayground.csproj", "{481C2818-CC02-4AAD-B93C-228F5AFA6E92}"
EndProject
Project("{2150E333-8FDC-42A3-9474-1A3956D46DE8}") = "Lib", "Lib", "{F297D562-4C66-4C9F-BCE7-AE42E43741A9}"
	ProjectSection(SolutionItems) = preProject
		..\Lib\ICSharpCode.NRefactory.Cecil.dll = ..\Lib\ICSharpCode.NRefactory.Cecil.dll
		..\Lib\ICSharpCode.NRefactory.CSharp.dll = ..\Lib\ICSharpCode.NRefactory.CSharp.dll
		..\Lib\ICSharpCode.NRefactory.CSharp.xml = ..\Lib\ICSharpCode.NRefactory.CSharp.xml
		..\Lib\ICSharpCode.NRefactory.dll = ..\Lib\ICSharpCode.NRefactory.dll
		..\Lib\ICSharpCode.NRefactory.IKVM.dll = ..\Lib\ICSharpCode.NRefactory.IKVM.dll
		..\Lib\ICSharpCode.NRefactory.xml = ..\Lib\ICSharpCode.NRefactory.xml
		..\Lib\ICSharpCode.NRefactory.Xml.dll = ..\Lib\ICSharpCode.NRefactory.Xml.dll
		..\Lib\ICSharpCode.NRefactory.Xml.xml = ..\Lib\ICSharpCode.NRefactory.Xml.xml
		..\Lib\IKVM.Reflection.dll = ..\Lib\IKVM.Reflection.dll
		..\Lib\Mono.Cecil.dll = ..\Lib\Mono.Cecil.dll
	EndProjectSection
EndProject
Project("{FAE04EC0-301F-11D3-BF4B-00C04F79EFBC}") = "ICSharpCode.AvalonEdit", "ICSharpCode.AvalonEdit\ICSharpCode.AvalonEdit.csproj", "{6C55B776-26D4-4DB3-A6AB-87E783B2F3D1}"
EndProject
Project("{FAE04EC0-301F-11D3-BF4B-00C04F79EFBC}") = "ICSharpCode.CodeCompletion", "ICSharpCode.CodeCompletion\ICSharpCode.CodeCompletion.csproj", "{82C28FBB-0408-466A-BE20-BD4A3CE76A75}"
EndProject
Project("{2150E333-8FDC-42A3-9474-1A3956D46DE8}") = "Samples", "Samples", "{4A06641C-D0D1-4C4D-9274-0249B76F08D8}"
	ProjectSection(SolutionItems) = preProject
		..\SampleFiles\Sample1.cs = ..\SampleFiles\Sample1.cs
	EndProjectSection
EndProject
Project("{FAE04EC0-301F-11D3-BF4B-00C04F79EFBC}") = "PlaygroundCompiler", "PlaygroundCompiler\PlaygroundCompiler.csproj", "{1648D618-C92D-4033-AA71-FF6F204ABA02}"
EndProject
Project("{FAE04EC0-301F-11D3-BF4B-00C04F79EFBC}") = "CommonTypes", "CommonTypes\CommonTypes.csproj", "{6E2589C7-52A4-45D5-A9FA-7707FEA9AC38}"
EndProject
Project("{FAE04EC0-301F-11D3-BF4B-00C04F79EFBC}") = "RxUITestApp", "RxUITestApp\RxUITestApp.csproj", "{45C3C825-65E2-44F2-832B-BBE174E69CE5}"
EndProject
Project("{2150E333-8FDC-42A3-9474-1A3956D46DE8}") = "RxUINet45", "RxUINet45", "{EBB56202-5EF2-4F32-BD42-9A4DFA67F57D}"
	ProjectSection(SolutionItems) = preProject
		..\Lib\RxUINet45\ReactiveUI.dll = ..\Lib\RxUINet45\ReactiveUI.dll
		..\Lib\RxUINet45\ReactiveUI.pdb = ..\Lib\RxUINet45\ReactiveUI.pdb
		..\Lib\RxUINet45\Splat.dll = ..\Lib\RxUINet45\Splat.dll
		..\Lib\RxUINet45\Splat.pdb = ..\Lib\RxUINet45\Splat.pdb
		..\Lib\RxUINet45\System.Reactive.Core.dll = ..\Lib\RxUINet45\System.Reactive.Core.dll
		..\Lib\RxUINet45\System.Reactive.Core.xml = ..\Lib\RxUINet45\System.Reactive.Core.xml
		..\Lib\RxUINet45\System.Reactive.Interfaces.dll = ..\Lib\RxUINet45\System.Reactive.Interfaces.dll
		..\Lib\RxUINet45\System.Reactive.Interfaces.xml = ..\Lib\RxUINet45\System.Reactive.Interfaces.xml
		..\Lib\RxUINet45\System.Reactive.Linq.dll = ..\Lib\RxUINet45\System.Reactive.Linq.dll
		..\Lib\RxUINet45\System.Reactive.Linq.xml = ..\Lib\RxUINet45\System.Reactive.Linq.xml
		..\Lib\RxUINet45\System.Reactive.PlatformServices.dll = ..\Lib\RxUINet45\System.Reactive.PlatformServices.dll
		..\Lib\RxUINet45\System.Reactive.PlatformServices.xml = ..\Lib\RxUINet45\System.Reactive.PlatformServices.xml
		..\Lib\RxUINet45\System.Reactive.Windows.Threading.dll = ..\Lib\RxUINet45\System.Reactive.Windows.Threading.dll
		..\Lib\RxUINet45\System.Reactive.Windows.Threading.xml = ..\Lib\RxUINet45\System.Reactive.Windows.Threading.xml
	EndProjectSection
EndProject
Project("{2150E333-8FDC-42A3-9474-1A3956D46DE8}") = "Screenshots", "Screenshots", "{CCEE3FA5-B073-4758-9DB9-2339B7BD088B}"
	ProjectSection(SolutionItems) = preProject
		..\Screenshots\RxUI.gif = ..\Screenshots\RxUI.gif
		..\Screenshots\SharpPlaygroundDemo.gif = ..\Screenshots\SharpPlaygroundDemo.gif
	EndProjectSection
EndProject
Project("{2150E333-8FDC-42A3-9474-1A3956D46DE8}") = "RoslynManualBuild", "RoslynManualBuild", "{AEE29C16-BD7C-4E49-8711-26D4BB5784AF}"
	ProjectSection(SolutionItems) = preProject
		..\Lib\RoslynManualBuild\Microsoft.CodeAnalysis.CSharp.dll = ..\Lib\RoslynManualBuild\Microsoft.CodeAnalysis.CSharp.dll
		..\Lib\RoslynManualBuild\Microsoft.CodeAnalysis.dll = ..\Lib\RoslynManualBuild\Microsoft.CodeAnalysis.dll
		..\Lib\RoslynManualBuild\Microsoft.CodeAnalysis.InteractiveEditorFeatures.dll = ..\Lib\RoslynManualBuild\Microsoft.CodeAnalysis.InteractiveEditorFeatures.dll
		..\Lib\RoslynManualBuild\Microsoft.CodeAnalysis.InteractiveFeatures.dll = ..\Lib\RoslynManualBuild\Microsoft.CodeAnalysis.InteractiveFeatures.dll
		..\Lib\RoslynManualBuild\Microsoft.CodeAnalysis.Scripting.CSharp.dll = ..\Lib\RoslynManualBuild\Microsoft.CodeAnalysis.Scripting.CSharp.dll
		..\Lib\RoslynManualBuild\Microsoft.CodeAnalysis.Scripting.dll = ..\Lib\RoslynManualBuild\Microsoft.CodeAnalysis.Scripting.dll
		..\Lib\RoslynManualBuild\Microsoft.CodeAnalysis.Workspaces.Desktop.dll = ..\Lib\RoslynManualBuild\Microsoft.CodeAnalysis.Workspaces.Desktop.dll
		..\Lib\RoslynManualBuild\Microsoft.CodeAnalysis.Workspaces.dll = ..\Lib\RoslynManualBuild\Microsoft.CodeAnalysis.Workspaces.dll
		..\Lib\RoslynManualBuild\System.Reflection.Metadata.dll = ..\Lib\RoslynManualBuild\System.Reflection.Metadata.dll
	EndProjectSection
EndProject
Global
	GlobalSection(SolutionConfigurationPlatforms) = preSolution
		Debug|Any CPU = Debug|Any CPU
		Release|Any CPU = Release|Any CPU
	EndGlobalSection
	GlobalSection(ProjectConfigurationPlatforms) = postSolution
		{481C2818-CC02-4AAD-B93C-228F5AFA6E92}.Debug|Any CPU.ActiveCfg = Debug|Any CPU
		{481C2818-CC02-4AAD-B93C-228F5AFA6E92}.Debug|Any CPU.Build.0 = Debug|Any CPU
		{481C2818-CC02-4AAD-B93C-228F5AFA6E92}.Release|Any CPU.ActiveCfg = Release|Any CPU
		{481C2818-CC02-4AAD-B93C-228F5AFA6E92}.Release|Any CPU.Build.0 = Release|Any CPU
		{6C55B776-26D4-4DB3-A6AB-87E783B2F3D1}.Debug|Any CPU.ActiveCfg = Debug|Any CPU
		{6C55B776-26D4-4DB3-A6AB-87E783B2F3D1}.Debug|Any CPU.Build.0 = Debug|Any CPU
		{6C55B776-26D4-4DB3-A6AB-87E783B2F3D1}.Release|Any CPU.ActiveCfg = Release|Any CPU
		{6C55B776-26D4-4DB3-A6AB-87E783B2F3D1}.Release|Any CPU.Build.0 = Release|Any CPU
		{82C28FBB-0408-466A-BE20-BD4A3CE76A75}.Debug|Any CPU.ActiveCfg = Debug|Any CPU
		{82C28FBB-0408-466A-BE20-BD4A3CE76A75}.Debug|Any CPU.Build.0 = Debug|Any CPU
		{82C28FBB-0408-466A-BE20-BD4A3CE76A75}.Release|Any CPU.ActiveCfg = Release|Any CPU
		{82C28FBB-0408-466A-BE20-BD4A3CE76A75}.Release|Any CPU.Build.0 = Release|Any CPU
		{1648D618-C92D-4033-AA71-FF6F204ABA02}.Debug|Any CPU.ActiveCfg = Debug|Any CPU
		{1648D618-C92D-4033-AA71-FF6F204ABA02}.Debug|Any CPU.Build.0 = Debug|Any CPU
		{1648D618-C92D-4033-AA71-FF6F204ABA02}.Release|Any CPU.ActiveCfg = Release|Any CPU
		{1648D618-C92D-4033-AA71-FF6F204ABA02}.Release|Any CPU.Build.0 = Release|Any CPU
		{6E2589C7-52A4-45D5-A9FA-7707FEA9AC38}.Debug|Any CPU.ActiveCfg = Debug|Any CPU
		{6E2589C7-52A4-45D5-A9FA-7707FEA9AC38}.Debug|Any CPU.Build.0 = Debug|Any CPU
		{6E2589C7-52A4-45D5-A9FA-7707FEA9AC38}.Release|Any CPU.ActiveCfg = Release|Any CPU
		{6E2589C7-52A4-45D5-A9FA-7707FEA9AC38}.Release|Any CPU.Build.0 = Release|Any CPU
		{45C3C825-65E2-44F2-832B-BBE174E69CE5}.Debug|Any CPU.ActiveCfg = Debug|Any CPU
		{45C3C825-65E2-44F2-832B-BBE174E69CE5}.Debug|Any CPU.Build.0 = Debug|Any CPU
		{45C3C825-65E2-44F2-832B-BBE174E69CE5}.Release|Any CPU.ActiveCfg = Release|Any CPU
		{45C3C825-65E2-44F2-832B-BBE174E69CE5}.Release|Any CPU.Build.0 = Release|Any CPU
	EndGlobalSection
	GlobalSection(SolutionProperties) = preSolution
		HideSolutionNode = FALSE
	EndGlobalSection
	GlobalSection(NestedProjects) = preSolution
		{EBB56202-5EF2-4F32-BD42-9A4DFA67F57D} = {F297D562-4C66-4C9F-BCE7-AE42E43741A9}
		{AEE29C16-BD7C-4E49-8711-26D4BB5784AF} = {F297D562-4C66-4C9F-BCE7-AE42E43741A9}
	EndGlobalSection
EndGlobal
